
Microsoft Visual Studio Solution File, Format Version 12.00
# Visual Studio 15
VisualStudioVersion = 15.0.26228.4
MinimumVisualStudioVersion = 10.0.40219.1
Project("{FAE04EC0-301F-11D3-BF4B-00C04F79EFBC}") = "TGDH.Web", "TGDH.Web\TGDH.Web.csproj", "{9EF7A766-CD68-422B-B476-FE8F144E8711}"
EndProject
Project("{FAE04EC0-301F-11D3-BF4B-00C04F79EFBC}") = "TGDH.Core", "TGDH.Core\TGDH.Core.csproj", "{C58A26FC-928A-40F6-86E9-13CAF3D29167}"
EndProject
Project("{FAE04EC0-301F-11D3-BF4B-00C04F79EFBC}") = "TGDH.Forms", "TGDH.Forms\TGDH.Forms.csproj", "{05FAF897-9170-4F90-8F5A-7E3F03DB2BA2}"
EndProject
Global
	GlobalSection(SolutionConfigurationPlatforms) = preSolution
		Debug|Any CPU = Debug|Any CPU
		Release|Any CPU = Release|Any CPU
	EndGlobalSection
	GlobalSection(ProjectConfigurationPlatforms) = postSolution
		{9EF7A766-CD68-422B-B476-FE8F144E8711}.Debug|Any CPU.ActiveCfg = Debug|Any CPU
		{9EF7A766-CD68-422B-B476-FE8F144E8711}.Debug|Any CPU.Build.0 = Debug|Any CPU
		{9EF7A766-CD68-422B-B476-FE8F144E8711}.Release|Any CPU.ActiveCfg = Release|Any CPU
		{9EF7A766-CD68-422B-B476-FE8F144E8711}.Release|Any CPU.Build.0 = Release|Any CPU
		{C58A26FC-928A-40F6-86E9-13CAF3D29167}.Debug|Any CPU.ActiveCfg = Debug|Any CPU
		{C58A26FC-928A-40F6-86E9-13CAF3D29167}.Debug|Any CPU.Build.0 = Debug|Any CPU
		{C58A26FC-928A-40F6-86E9-13CAF3D29167}.Release|Any CPU.ActiveCfg = Release|Any CPU
		{C58A26FC-928A-40F6-86E9-13CAF3D29167}.Release|Any CPU.Build.0 = Release|Any CPU
		{05FAF897-9170-4F90-8F5A-7E3F03DB2BA2}.Debug|Any CPU.ActiveCfg = Debug|Any CPU
		{05FAF897-9170-4F90-8F5A-7E3F03DB2BA2}.Debug|Any CPU.Build.0 = Debug|Any CPU
		{05FAF897-9170-4F90-8F5A-7E3F03DB2BA2}.Release|Any CPU.ActiveCfg = Release|Any CPU
		{05FAF897-9170-4F90-8F5A-7E3F03DB2BA2}.Release|Any CPU.Build.0 = Release|Any CPU
	EndGlobalSection
	GlobalSection(SolutionProperties) = preSolution
		HideSolutionNode = FALSE
	EndGlobalSection
EndGlobal
